// !$*UTF8*$!
{
	archiveVersion = 1;
	classes = {
	};
	objectVersion = 50;
	objects = {

/* Begin PBXBuildFile section */
		42F5BD9D266B8CCF00F1797D /* SmuglrApp.swift in Sources */ = {isa = PBXBuildFile; fileRef = 42F5BD9C266B8CCF00F1797D /* SmuglrApp.swift */; };
		42F5BD9F266B8CCF00F1797D /* ContentView.swift in Sources */ = {isa = PBXBuildFile; fileRef = 42F5BD9E266B8CCF00F1797D /* ContentView.swift */; };
		42F5BDA1266B8CD400F1797D /* Assets.xcassets in Resources */ = {isa = PBXBuildFile; fileRef = 42F5BDA0266B8CD400F1797D /* Assets.xcassets */; };
		42F5BDA4266B8CD400F1797D /* Preview Assets.xcassets in Resources */ = {isa = PBXBuildFile; fileRef = 42F5BDA3266B8CD400F1797D /* Preview Assets.xcassets */; };
/* End PBXBuildFile section */

/* Begin PBXFileReference section */
		42F5BD99266B8CCF00F1797D /* Smuglr.app */ = {isa = PBXFileReference; explicitFileType = wrapper.application; includeInIndex = 0; path = Smuglr.app; sourceTree = BUILT_PRODUCTS_DIR; };
		42F5BD9C266B8CCF00F1797D /* SmuglrApp.swift */ = {isa = PBXFileReference; lastKnownFileType = sourcecode.swift; path = SmuglrApp.swift; sourceTree = "<group>"; };
		42F5BD9E266B8CCF00F1797D /* ContentView.swift */ = {isa = PBXFileReference; lastKnownFileType = sourcecode.swift; path = ContentView.swift; sourceTree = "<group>"; };
		42F5BDA0266B8CD400F1797D /* Assets.xcassets */ = {isa = PBXFileReference; lastKnownFileType = folder.assetcatalog; path = Assets.xcassets; sourceTree = "<group>"; };
		42F5BDA3266B8CD400F1797D /* Preview Assets.xcassets */ = {isa = PBXFileReference; lastKnownFileType = folder.assetcatalog; path = "Preview Assets.xcassets"; sourceTree = "<group>"; };
		42F5BDA5266B8CD400F1797D /* Info.plist */ = {isa = PBXFileReference; lastKnownFileType = text.plist.xml; path = Info.plist; sourceTree = "<group>"; };
/* End PBXFileReference section */

/* Begin PBXFrameworksBuildPhase section */
		42F5BD96266B8CCF00F1797D /* Frameworks */ = {
			isa = PBXFrameworksBuildPhase;
			buildActionMask = 2147483647;
			files = (
			);
			runOnlyForDeploymentPostprocessing = 0;
		};
/* End PBXFrameworksBuildPhase section */

/* Begin PBXGroup section */
		42F5BD90266B8CCF00F1797D = {
			isa = PBXGroup;
			children = (
				42F5BD9B266B8CCF00F1797D /* Smuglr */,
				42F5BD9A266B8CCF00F1797D /* Products */,
			);
			sourceTree = "<group>";
		};
		42F5BD9A266B8CCF00F1797D /* Products */ = {
			isa = PBXGroup;
			children = (
				42F5BD99266B8CCF00F1797D /* Smuglr.app */,
			);
			name = Products;
			sourceTree = "<group>";
		};
		42F5BD9B266B8CCF00F1797D /* Smuglr */ = {
			isa = PBXGroup;
			children = (
				42F5BD9C266B8CCF00F1797D /* SmuglrApp.swift */,
				42F5BD9E266B8CCF00F1797D /* ContentView.swift */,
				42F5BDA0266B8CD400F1797D /* Assets.xcassets */,
				42F5BDA5266B8CD400F1797D /* Info.plist */,
				42F5BDA2266B8CD400F1797D /* Preview Content */,
			);
			path = Smuglr;
			sourceTree = "<group>";
		};
		42F5BDA2266B8CD400F1797D /* Preview Content */ = {
			isa = PBXGroup;
			children = (
				42F5BDA3266B8CD400F1797D /* Preview Assets.xcassets */,
			);
			path = "Preview Content";
			sourceTree = "<group>";
		};
/* End PBXGroup section */

/* Begin PBXNativeTarget section */
		42F5BD98266B8CCF00F1797D /* Smuglr */ = {
			isa = PBXNativeTarget;
			buildConfigurationList = 42F5BDA8266B8CD400F1797D /* Build configuration list for PBXNativeTarget "Smuglr" */;
			buildPhases = (
				42F5BD95266B8CCF00F1797D /* Sources */,
				42F5BD96266B8CCF00F1797D /* Frameworks */,
				42F5BD97266B8CCF00F1797D /* Resources */,
			);
			buildRules = (
			);
			dependencies = (
			);
			name = Smuglr;
			productName = Smuglr;
			productReference = 42F5BD99266B8CCF00F1797D /* Smuglr.app */;
			productType = "com.apple.product-type.application";
		};
/* End PBXNativeTarget section */

/* Begin PBXProject section */
		42F5BD91266B8CCF00F1797D /* Project object */ = {
			isa = PBXProject;
			attributes = {
				LastSwiftUpdateCheck = 1250;
				LastUpgradeCheck = 1250;
				TargetAttributes = {
					42F5BD98266B8CCF00F1797D = {
						CreatedOnToolsVersion = 12.5;
					};
				};
			};
			buildConfigurationList = 42F5BD94266B8CCF00F1797D /* Build configuration list for PBXProject "Smuglr" */;
			compatibilityVersion = "Xcode 9.3";
			developmentRegion = en;
			hasScannedForEncodings = 0;
			knownRegions = (
				en,
				Base,
			);
			mainGroup = 42F5BD90266B8CCF00F1797D;
			productRefGroup = 42F5BD9A266B8CCF00F1797D /* Products */;
			projectDirPath = "";
			projectRoot = "";
			targets = (
				42F5BD98266B8CCF00F1797D /* Smuglr */,
			);
		};
/* End PBXProject section */

/* Begin PBXResourcesBuildPhase section */
		42F5BD97266B8CCF00F1797D /* Resources */ = {
			isa = PBXResourcesBuildPhase;
			buildActionMask = 2147483647;
			files = (
				42F5BDA4266B8CD400F1797D /* Preview Assets.xcassets in Resources */,
				42F5BDA1266B8CD400F1797D /* Assets.xcassets in Resources */,
			);
			runOnlyForDeploymentPostprocessing = 0;
		};
/* End PBXResourcesBuildPhase section */

/* Begin PBXSourcesBuildPhase section */
		42F5BD95266B8CCF00F1797D /* Sources */ = {
			isa = PBXSourcesBuildPhase;
			buildActionMask = 2147483647;
			files = (
				42F5BD9F266B8CCF00F1797D /* ContentView.swift in Sources */,
				42F5BD9D266B8CCF00F1797D /* SmuglrApp.swift in Sources */,
			);
			runOnlyForDeploymentPostprocessing = 0;
		};
/* End PBXSourcesBuildPhase section */

/* Begin XCBuildConfiguration section */
		42F5BDA6266B8CD400F1797D /* Debug */ = {
			isa = XCBuildConfiguration;
			buildSettings = {
				ALWAYS_SEARCH_USER_PATHS = NO;
				CLANG_ANALYZER_NONNULL = YES;
				CLANG_ANALYZER_NUMBER_OBJECT_CONVERSION = YES_AGGRESSIVE;
				CLANG_CXX_LANGUAGE_STANDARD = "gnu++14";
				CLANG_CXX_LIBRARY = "libc++";
				CLANG_ENABLE_MODULES = YES;
				CLANG_ENABLE_OBJC_ARC = YES;
				CLANG_ENABLE_OBJC_WEAK = YES;
				CLANG_WARN_BLOCK_CAPTURE_AUTORELEASING = YES;
				CLANG_WARN_BOOL_CONVERSION = YES;
				CLANG_WARN_COMMA = YES;
				CLANG_WARN_CONSTANT_CONVERSION = YES;
				CLANG_WARN_DEPRECATED_OBJC_IMPLEMENTATIONS = YES;
				CLANG_WARN_DIRECT_OBJC_ISA_USAGE = YES_ERROR;
				CLANG_WARN_DOCUMENTATION_COMMENTS = YES;
				CLANG_WARN_EMPTY_BODY = YES;
				CLANG_WARN_ENUM_CONVERSION = YES;
				CLANG_WARN_INFINITE_RECURSION = YES;
				CLANG_WARN_INT_CONVERSION = YES;
				CLANG_WARN_NON_LITERAL_NULL_CONVERSION = YES;
				CLANG_WARN_OBJC_IMPLICIT_RETAIN_SELF = YES;
				CLANG_WARN_OBJC_LITERAL_CONVERSION = YES;
				CLANG_WARN_OBJC_ROOT_CLASS = YES_ERROR;
				CLANG_WARN_QUOTED_INCLUDE_IN_FRAMEWORK_HEADER = YES;
				CLANG_WARN_RANGE_LOOP_ANALYSIS = YES;
				CLANG_WARN_STRICT_PROTOTYPES = YES;
				CLANG_WARN_SUSPICIOUS_MOVE = YES;
				CLANG_WARN_UNGUARDED_AVAILABILITY = YES_AGGRESSIVE;
				CLANG_WARN_UNREACHABLE_CODE = YES;
				CLANG_WARN__DUPLICATE_METHOD_MATCH = YES;
				COPY_PHASE_STRIP = NO;
				DEBUG_INFORMATION_FORMAT = dwarf;
				ENABLE_STRICT_OBJC_MSGSEND = YES;
				ENABLE_TESTABILITY = YES;
				GCC_C_LANGUAGE_STANDARD = gnu11;
				GCC_DYNAMIC_NO_PIC = NO;
				GCC_NO_COMMON_BLOCKS = YES;
				GCC_OPTIMIZATION_LEVEL = 0;
				GCC_PREPROCESSOR_DEFINITIONS = (
					"DEBUG=1",
					"$(inherited)",
				);
				GCC_WARN_64_TO_32_BIT_CONVERSION = YES;
				GCC_WARN_ABOUT_RETURN_TYPE = YES_ERROR;
				GCC_WARN_UNDECLARED_SELECTOR = YES;
				GCC_WARN_UNINITIALIZED_AUTOS = YES_AGGRESSIVE;
				GCC_WARN_UNUSED_FUNCTION = YES;
				GCC_WARN_UNUSED_VARIABLE = YES;
				IPHONEOS_DEPLOYMENT_TARGET = 14.5;
				MTL_ENABLE_DEBUG_INFO = INCLUDE_SOURCE;
				MTL_FAST_MATH = YES;
				ONLY_ACTIVE_ARCH = YES;
				SDKROOT = iphoneos;
				SWIFT_ACTIVE_COMPILATION_CONDITIONS = DEBUG;
				SWIFT_OPTIMIZATION_LEVEL = "-Onone";
			};
			name = Debug;
		};
		42F5BDA7266B8CD400F1797D /* Release */ = {
			isa = XCBuildConfiguration;
			buildSettings = {
				ALWAYS_SEARCH_USER_PATHS = NO;
				CLANG_ANALYZER_NONNULL = YES;
				CLANG_ANALYZER_NUMBER_OBJECT_CONVERSION = YES_AGGRESSIVE;
				CLANG_CXX_LANGUAGE_STANDARD = "gnu++14";
				CLANG_CXX_LIBRARY = "libc++";
				CLANG_ENABLE_MODULES = YES;
				CLANG_ENABLE_OBJC_ARC = YES;
				CLANG_ENABLE_OBJC_WEAK = YES;
				CLANG_WARN_BLOCK_CAPTURE_AUTORELEASING = YES;
				CLANG_WARN_BOOL_CONVERSION = YES;
				CLANG_WARN_COMMA = YES;
				CLANG_WARN_CONSTANT_CONVERSION = YES;
				CLANG_WARN_DEPRECATED_OBJC_IMPLEMENTATIONS = YES;
				CLANG_WARN_DIRECT_OBJC_ISA_USAGE = YES_ERROR;
				CLANG_WARN_DOCUMENTATION_COMMENTS = YES;
				CLANG_WARN_EMPTY_BODY = YES;
				CLANG_WARN_ENUM_CONVERSION = YES;
				CLANG_WARN_INFINITE_RECURSION = YES;
				CLANG_WARN_INT_CONVERSION = YES;
				CLANG_WARN_NON_LITERAL_NULL_CONVERSION = YES;
				CLANG_WARN_OBJC_IMPLICIT_RETAIN_SELF = YES;
				CLANG_WARN_OBJC_LITERAL_CONVERSION = YES;
				CLANG_WARN_OBJC_ROOT_CLASS = YES_ERROR;
				CLANG_WARN_QUOTED_INCLUDE_IN_FRAMEWORK_HEADER = YES;
				CLANG_WARN_RANGE_LOOP_ANALYSIS = YES;
				CLANG_WARN_STRICT_PROTOTYPES = YES;
				CLANG_WARN_SUSPICIOUS_MOVE = YES;
				CLANG_WARN_UNGUARDED_AVAILABILITY = YES_AGGRESSIVE;
				CLANG_WARN_UNREACHABLE_CODE = YES;
				CLANG_WARN__DUPLICATE_METHOD_MATCH = YES;
				COPY_PHASE_STRIP = NO;
				DEBUG_INFORMATION_FORMAT = "dwarf-with-dsym";
				ENABLE_NS_ASSERTIONS = NO;
				ENABLE_STRICT_OBJC_MSGSEND = YES;
				GCC_C_LANGUAGE_STANDARD = gnu11;
				GCC_NO_COMMON_BLOCKS = YES;
				GCC_WARN_64_TO_32_BIT_CONVERSION = YES;
				GCC_WARN_ABOUT_RETURN_TYPE = YES_ERROR;
				GCC_WARN_UNDECLARED_SELECTOR = YES;
				GCC_WARN_UNINITIALIZED_AUTOS = YES_AGGRESSIVE;
				GCC_WARN_UNUSED_FUNCTION = YES;
				GCC_WARN_UNUSED_VARIABLE = YES;
				IPHONEOS_DEPLOYMENT_TARGET = 14.5;
				MTL_ENABLE_DEBUG_INFO = NO;
				MTL_FAST_MATH = YES;
				SDKROOT = iphoneos;
				SWIFT_COMPILATION_MODE = wholemodule;
				SWIFT_OPTIMIZATION_LEVEL = "-O";
				VALIDATE_PRODUCT = YES;
			};
			name = Release;
		};
		42F5BDA9266B8CD400F1797D /* Debug */ = {
			isa = XCBuildConfiguration;
			buildSettings = {
				ASSETCATALOG_COMPILER_APPICON_NAME = AppIcon;
				ASSETCATALOG_COMPILER_GLOBAL_ACCENT_COLOR_NAME = AccentColor;
				CODE_SIGN_STYLE = Automatic;
				DEVELOPMENT_ASSET_PATHS = "\"Smuglr/Preview Content\"";
				DEVELOPMENT_TEAM = H59Y584S3B;
				ENABLE_PREVIEWS = YES;
				INFOPLIST_FILE = Smuglr/Info.plist;
				IPHONEOS_DEPLOYMENT_TARGET = 14.0;
				LD_RUNPATH_SEARCH_PATHS = (
					"$(inherited)",
					"@executable_path/Frameworks",
				);
				PRODUCT_BUNDLE_IDENTIFIER = com.jonathan.apps.ios.Smuglr;
				PRODUCT_NAME = "$(TARGET_NAME)";
				SWIFT_VERSION = 5.0;
				TARGETED_DEVICE_FAMILY = "1,2";
			};
			name = Debug;
		};
		42F5BDAA266B8CD400F1797D /* Release */ = {
			isa = XCBuildConfiguration;
			buildSettings = {
				ASSETCATALOG_COMPILER_APPICON_NAME = AppIcon;
				ASSETCATALOG_COMPILER_GLOBAL_ACCENT_COLOR_NAME = AccentColor;
				CODE_SIGN_STYLE = Automatic;
				DEVELOPMENT_ASSET_PATHS = "\"Smuglr/Preview Content\"";
				DEVELOPMENT_TEAM = H59Y584S3B;
				ENABLE_PREVIEWS = YES;
				INFOPLIST_FILE = Smuglr/Info.plist;
				IPHONEOS_DEPLOYMENT_TARGET = 14.0;
				LD_RUNPATH_SEARCH_PATHS = (
					"$(inherited)",
					"@executable_path/Frameworks",
				);
				PRODUCT_BUNDLE_IDENTIFIER = com.jonathan.apps.ios.Smuglr;
				PRODUCT_NAME = "$(TARGET_NAME)";
				SWIFT_VERSION = 5.0;
				TARGETED_DEVICE_FAMILY = "1,2";
			};
			name = Release;
		};
/* End XCBuildConfiguration section */

/* Begin XCConfigurationList section */
		42F5BD94266B8CCF00F1797D /* Build configuration list for PBXProject "Smuglr" */ = {
			isa = XCConfigurationList;
			buildConfigurations = (
				42F5BDA6266B8CD400F1797D /* Debug */,
				42F5BDA7266B8CD400F1797D /* Release */,
			);
			defaultConfigurationIsVisible = 0;
			defaultConfigurationName = Release;
		};
		42F5BDA8266B8CD400F1797D /* Build configuration list for PBXNativeTarget "Smuglr" */ = {
			isa = XCConfigurationList;
			buildConfigurations = (
				42F5BDA9266B8CD400F1797D /* Debug */,
				42F5BDAA266B8CD400F1797D /* Release */,
			);
			defaultConfigurationIsVisible = 0;
			defaultConfigurationName = Release;
		};
/* End XCConfigurationList section */
	};
	rootObject = 42F5BD91266B8CCF00F1797D /* Project object */;
}
